
Microsoft Visual Studio Solution File, Format Version 12.00
# Visual Studio Version 16
VisualStudioVersion = 16.0.31515.178
MinimumVisualStudioVersion = 10.0.40219.1
Project("{FAE04EC0-301F-11D3-BF4B-00C04F79EFBC}") = "FalconITScrapperWebAPI", "FalconITScrapperWebAPI\FalconITScrapperWebAPI.csproj", "{FEA8B54B-07ED-4FF0-9B46-860A836110C3}"
EndProject
Project("{FAE04EC0-301F-11D3-BF4B-00C04F79EFBC}") = "ApplicationServices", "ApplicationServices\ApplicationServices.csproj", "{6E39ED72-9335-43ED-AA60-2E66D9A4A760}"
EndProject
Project("{FAE04EC0-301F-11D3-BF4B-00C04F79EFBC}") = "Common", "Common\Common.csproj", "{BDEBFE69-4B5B-46C7-9EED-3F35313C5D82}"
EndProject
Project("{FAE04EC0-301F-11D3-BF4B-00C04F79EFBC}") = "Domain", "Domain\Domain.csproj", "{04270E04-EE93-4938-9CA0-159559EB4B5F}"
EndProject
Project("{FAE04EC0-301F-11D3-BF4B-00C04F79EFBC}") = "LoggerService", "LoggerService\LoggerService.csproj", "{8889DED4-1BD7-4D74-90D2-ED3B50A44CF1}"
EndProject
Global
	GlobalSection(SolutionConfigurationPlatforms) = preSolution
		Debug|Any CPU = Debug|Any CPU
		Release|Any CPU = Release|Any CPU
	EndGlobalSection
	GlobalSection(ProjectConfigurationPlatforms) = postSolution
		{FEA8B54B-07ED-4FF0-9B46-860A836110C3}.Debug|Any CPU.ActiveCfg = Debug|Any CPU
		{FEA8B54B-07ED-4FF0-9B46-860A836110C3}.Debug|Any CPU.Build.0 = Debug|Any CPU
		{FEA8B54B-07ED-4FF0-9B46-860A836110C3}.Release|Any CPU.ActiveCfg = Release|Any CPU
		{FEA8B54B-07ED-4FF0-9B46-860A836110C3}.Release|Any CPU.Build.0 = Release|Any CPU
		{6E39ED72-9335-43ED-AA60-2E66D9A4A760}.Debug|Any CPU.ActiveCfg = Debug|Any CPU
		{6E39ED72-9335-43ED-AA60-2E66D9A4A760}.Debug|Any CPU.Build.0 = Debug|Any CPU
		{6E39ED72-9335-43ED-AA60-2E66D9A4A760}.Release|Any CPU.ActiveCfg = Release|Any CPU
		{6E39ED72-9335-43ED-AA60-2E66D9A4A760}.Release|Any CPU.Build.0 = Release|Any CPU
		{BDEBFE69-4B5B-46C7-9EED-3F35313C5D82}.Debug|Any CPU.ActiveCfg = Debug|Any CPU
		{BDEBFE69-4B5B-46C7-9EED-3F35313C5D82}.Debug|Any CPU.Build.0 = Debug|Any CPU
		{BDEBFE69-4B5B-46C7-9EED-3F35313C5D82}.Release|Any CPU.ActiveCfg = Release|Any CPU
		{BDEBFE69-4B5B-46C7-9EED-3F35313C5D82}.Release|Any CPU.Build.0 = Release|Any CPU
		{04270E04-EE93-4938-9CA0-159559EB4B5F}.Debug|Any CPU.ActiveCfg = Debug|Any CPU
		{04270E04-EE93-4938-9CA0-159559EB4B5F}.Debug|Any CPU.Build.0 = Debug|Any CPU
		{04270E04-EE93-4938-9CA0-159559EB4B5F}.Release|Any CPU.ActiveCfg = Release|Any CPU
		{04270E04-EE93-4938-9CA0-159559EB4B5F}.Release|Any CPU.Build.0 = Release|Any CPU
		{8889DED4-1BD7-4D74-90D2-ED3B50A44CF1}.Debug|Any CPU.ActiveCfg = Debug|Any CPU
		{8889DED4-1BD7-4D74-90D2-ED3B50A44CF1}.Debug|Any CPU.Build.0 = Debug|Any CPU
		{8889DED4-1BD7-4D74-90D2-ED3B50A44CF1}.Release|Any CPU.ActiveCfg = Release|Any CPU
		{8889DED4-1BD7-4D74-90D2-ED3B50A44CF1}.Release|Any CPU.Build.0 = Release|Any CPU
	EndGlobalSection
	GlobalSection(SolutionProperties) = preSolution
		HideSolutionNode = FALSE
	EndGlobalSection
	GlobalSection(ExtensibilityGlobals) = postSolution
		SolutionGuid = {9071C619-FC34-4F83-A312-B96A803A3651}
	EndGlobalSection
EndGlobal
